
Microsoft Visual Studio Solution File, Format Version 12.00
# Visual Studio Version 16
VisualStudioVersion = 16.0.31515.178
MinimumVisualStudioVersion = 10.0.40219.1
Project("{2150E333-8FDC-42A3-9474-1A3956D46DE8}") = "Services", "Services", "{5EB565C0-CB52-423C-8E6B-ACFF9D55C30C}"
EndProject
Project("{2150E333-8FDC-42A3-9474-1A3956D46DE8}") = "Catalog", "Catalog", "{BFC1751A-54FC-4A41-88BB-9A24EB63B04D}"
EndProject
Project("{9A19103F-16F7-4668-BE54-9A1E7A4F7556}") = "Catalog.API", "Services\Catalog\Catalog.API\Catalog.API.csproj", "{12F6EF0F-8B1E-410B-B3D6-F4C9D22639CD}"
EndProject
Project("{E53339B2-1760-4266-BCC7-CA923CBCF16C}") = "docker-compose", "docker-compose.dcproj", "{8396C96C-E54E-4FA4-AFA1-C408ABF973D9}"
EndProject
Project("{2150E333-8FDC-42A3-9474-1A3956D46DE8}") = "Basket", "Basket", "{85E0B105-7C0D-4E30-A7C1-BA5D2FDDED46}"
EndProject
Project("{9A19103F-16F7-4668-BE54-9A1E7A4F7556}") = "Basket.API", "Services\Basket\Basket.API\Basket.API.csproj", "{0B5E8C47-3916-47E8-8C1E-16D31B883975}"
EndProject
Project("{2150E333-8FDC-42A3-9474-1A3956D46DE8}") = "Discount", "Discount", "{E36D80A3-903A-4B6F-86A5-BD0BF7EDAB4C}"
EndProject
Project("{9A19103F-16F7-4668-BE54-9A1E7A4F7556}") = "Discount.API", "Services\Discount\Discount.API\Discount.API.csproj", "{78CA2359-197C-4AF0-BD87-BBC6A3A37399}"
EndProject
Project("{9A19103F-16F7-4668-BE54-9A1E7A4F7556}") = "Discount.Grpc", "Services\Discount\Discount.Grpc\Discount.Grpc\Discount.Grpc.csproj", "{ACC98E9E-7597-47D5-BCF0-7077FF291833}"
EndProject
Project("{2150E333-8FDC-42A3-9474-1A3956D46DE8}") = "Ordering", "Ordering", "{545FC9DD-24DB-4DB0-A9F2-8BE7E6B75190}"
EndProject
Project("{FAE04EC0-301F-11D3-BF4B-00C04F79EFBC}") = "Ordering.Api", "Services\Ordering\Ordering.Api\Ordering.Api.csproj", "{F27333DD-BB9C-40A9-9492-2314E7E23325}"
EndProject
Project("{FAE04EC0-301F-11D3-BF4B-00C04F79EFBC}") = "Ordering.Domain", "Services\Ordering\OrderingDomain\Ordering.Domain.csproj", "{7D023BB8-5983-4A96-BC4C-FE42F6E8342E}"
EndProject
Project("{9A19103F-16F7-4668-BE54-9A1E7A4F7556}") = "Ordering.Infrastructure", "Services\Ordering\Ordering.Infrastructure\Ordering.Infrastructure.csproj", "{1C7F3B41-4857-4AEC-BF1E-3A2C74A153E4}"
EndProject
Project("{9A19103F-16F7-4668-BE54-9A1E7A4F7556}") = "Ordering.Application", "Services\Ordering\Ordering.Application\Ordering.Application.csproj", "{D454ED3B-2819-4186-8C7B-05B842BC3929}"
EndProject
Global
	GlobalSection(SolutionConfigurationPlatforms) = preSolution
		Debug|Any CPU = Debug|Any CPU
		Release|Any CPU = Release|Any CPU
	EndGlobalSection
	GlobalSection(ProjectConfigurationPlatforms) = postSolution
		{12F6EF0F-8B1E-410B-B3D6-F4C9D22639CD}.Debug|Any CPU.ActiveCfg = Debug|Any CPU
		{12F6EF0F-8B1E-410B-B3D6-F4C9D22639CD}.Debug|Any CPU.Build.0 = Debug|Any CPU
		{12F6EF0F-8B1E-410B-B3D6-F4C9D22639CD}.Release|Any CPU.ActiveCfg = Release|Any CPU
		{12F6EF0F-8B1E-410B-B3D6-F4C9D22639CD}.Release|Any CPU.Build.0 = Release|Any CPU
		{8396C96C-E54E-4FA4-AFA1-C408ABF973D9}.Debug|Any CPU.ActiveCfg = Debug|Any CPU
		{8396C96C-E54E-4FA4-AFA1-C408ABF973D9}.Debug|Any CPU.Build.0 = Debug|Any CPU
		{8396C96C-E54E-4FA4-AFA1-C408ABF973D9}.Release|Any CPU.ActiveCfg = Release|Any CPU
		{8396C96C-E54E-4FA4-AFA1-C408ABF973D9}.Release|Any CPU.Build.0 = Release|Any CPU
		{0B5E8C47-3916-47E8-8C1E-16D31B883975}.Debug|Any CPU.ActiveCfg = Debug|Any CPU
		{0B5E8C47-3916-47E8-8C1E-16D31B883975}.Debug|Any CPU.Build.0 = Debug|Any CPU
		{0B5E8C47-3916-47E8-8C1E-16D31B883975}.Release|Any CPU.ActiveCfg = Release|Any CPU
		{0B5E8C47-3916-47E8-8C1E-16D31B883975}.Release|Any CPU.Build.0 = Release|Any CPU
		{78CA2359-197C-4AF0-BD87-BBC6A3A37399}.Debug|Any CPU.ActiveCfg = Debug|Any CPU
		{78CA2359-197C-4AF0-BD87-BBC6A3A37399}.Debug|Any CPU.Build.0 = Debug|Any CPU
		{78CA2359-197C-4AF0-BD87-BBC6A3A37399}.Release|Any CPU.ActiveCfg = Release|Any CPU
		{78CA2359-197C-4AF0-BD87-BBC6A3A37399}.Release|Any CPU.Build.0 = Release|Any CPU
		{ACC98E9E-7597-47D5-BCF0-7077FF291833}.Debug|Any CPU.ActiveCfg = Debug|Any CPU
		{ACC98E9E-7597-47D5-BCF0-7077FF291833}.Debug|Any CPU.Build.0 = Debug|Any CPU
		{ACC98E9E-7597-47D5-BCF0-7077FF291833}.Release|Any CPU.ActiveCfg = Release|Any CPU
		{ACC98E9E-7597-47D5-BCF0-7077FF291833}.Release|Any CPU.Build.0 = Release|Any CPU
		{F27333DD-BB9C-40A9-9492-2314E7E23325}.Debug|Any CPU.ActiveCfg = Debug|Any CPU
		{F27333DD-BB9C-40A9-9492-2314E7E23325}.Debug|Any CPU.Build.0 = Debug|Any CPU
		{F27333DD-BB9C-40A9-9492-2314E7E23325}.Release|Any CPU.ActiveCfg = Release|Any CPU
		{F27333DD-BB9C-40A9-9492-2314E7E23325}.Release|Any CPU.Build.0 = Release|Any CPU
		{7D023BB8-5983-4A96-BC4C-FE42F6E8342E}.Debug|Any CPU.ActiveCfg = Debug|Any CPU
		{7D023BB8-5983-4A96-BC4C-FE42F6E8342E}.Debug|Any CPU.Build.0 = Debug|Any CPU
		{7D023BB8-5983-4A96-BC4C-FE42F6E8342E}.Release|Any CPU.ActiveCfg = Release|Any CPU
		{7D023BB8-5983-4A96-BC4C-FE42F6E8342E}.Release|Any CPU.Build.0 = Release|Any CPU
		{1C7F3B41-4857-4AEC-BF1E-3A2C74A153E4}.Debug|Any CPU.ActiveCfg = Debug|Any CPU
		{1C7F3B41-4857-4AEC-BF1E-3A2C74A153E4}.Debug|Any CPU.Build.0 = Debug|Any CPU
		{1C7F3B41-4857-4AEC-BF1E-3A2C74A153E4}.Release|Any CPU.ActiveCfg = Release|Any CPU
		{1C7F3B41-4857-4AEC-BF1E-3A2C74A153E4}.Release|Any CPU.Build.0 = Release|Any CPU
		{D454ED3B-2819-4186-8C7B-05B842BC3929}.Debug|Any CPU.ActiveCfg = Debug|Any CPU
		{D454ED3B-2819-4186-8C7B-05B842BC3929}.Debug|Any CPU.Build.0 = Debug|Any CPU
		{D454ED3B-2819-4186-8C7B-05B842BC3929}.Release|Any CPU.ActiveCfg = Release|Any CPU
		{D454ED3B-2819-4186-8C7B-05B842BC3929}.Release|Any CPU.Build.0 = Release|Any CPU
	EndGlobalSection
	GlobalSection(SolutionProperties) = preSolution
		HideSolutionNode = FALSE
	EndGlobalSection
	GlobalSection(NestedProjects) = preSolution
		{BFC1751A-54FC-4A41-88BB-9A24EB63B04D} = {5EB565C0-CB52-423C-8E6B-ACFF9D55C30C}
		{12F6EF0F-8B1E-410B-B3D6-F4C9D22639CD} = {BFC1751A-54FC-4A41-88BB-9A24EB63B04D}
		{85E0B105-7C0D-4E30-A7C1-BA5D2FDDED46} = {5EB565C0-CB52-423C-8E6B-ACFF9D55C30C}
		{0B5E8C47-3916-47E8-8C1E-16D31B883975} = {85E0B105-7C0D-4E30-A7C1-BA5D2FDDED46}
		{E36D80A3-903A-4B6F-86A5-BD0BF7EDAB4C} = {5EB565C0-CB52-423C-8E6B-ACFF9D55C30C}
		{78CA2359-197C-4AF0-BD87-BBC6A3A37399} = {E36D80A3-903A-4B6F-86A5-BD0BF7EDAB4C}
		{ACC98E9E-7597-47D5-BCF0-7077FF291833} = {E36D80A3-903A-4B6F-86A5-BD0BF7EDAB4C}
		{545FC9DD-24DB-4DB0-A9F2-8BE7E6B75190} = {5EB565C0-CB52-423C-8E6B-ACFF9D55C30C}
		{F27333DD-BB9C-40A9-9492-2314E7E23325} = {545FC9DD-24DB-4DB0-A9F2-8BE7E6B75190}
		{7D023BB8-5983-4A96-BC4C-FE42F6E8342E} = {545FC9DD-24DB-4DB0-A9F2-8BE7E6B75190}
		{1C7F3B41-4857-4AEC-BF1E-3A2C74A153E4} = {545FC9DD-24DB-4DB0-A9F2-8BE7E6B75190}
		{D454ED3B-2819-4186-8C7B-05B842BC3929} = {545FC9DD-24DB-4DB0-A9F2-8BE7E6B75190}
	EndGlobalSection
	GlobalSection(ExtensibilityGlobals) = postSolution
		SolutionGuid = {FA8C2AB9-F1C9-4853-A824-6FC1006CD2B6}
	EndGlobalSection
EndGlobal
